
Microsoft Visual Studio Solution File, Format Version 12.00
# Visual Studio Version 17
VisualStudioVersion = 17.4.33205.214
MinimumVisualStudioVersion = 10.0.40219.1
Project("{FAE04EC0-301F-11D3-BF4B-00C04F79EFBC}") = "Reports", "Reports\Reports.csproj", "{FC6C1F1D-4B36-4B28-BE79-9C8C037CEA04}"
EndProject
Global
	GlobalSection(SolutionConfigurationPlatforms) = preSolution
		Debug|Any CPU = Debug|Any CPU
		Release|Any CPU = Release|Any CPU
	EndGlobalSection
	GlobalSection(ProjectConfigurationPlatforms) = postSolution
		{FC6C1F1D-4B36-4B28-BE79-9C8C037CEA04}.Debug|Any CPU.ActiveCfg = Debug|Any CPU
		{FC6C1F1D-4B36-4B28-BE79-9C8C037CEA04}.Debug|Any CPU.Build.0 = Debug|Any CPU
		{FC6C1F1D-4B36-4B28-BE79-9C8C037CEA04}.Release|Any CPU.ActiveCfg = Release|Any CPU
		{FC6C1F1D-4B36-4B28-BE79-9C8C037CEA04}.Release|Any CPU.Build.0 = Release|Any CPU
	EndGlobalSection
	GlobalSection(SolutionProperties) = preSolution
		HideSolutionNode = FALSE
	EndGlobalSection
	GlobalSection(ExtensibilityGlobals) = postSolution
		SolutionGuid = {9BD5310F-9003-44BC-8124-F5337F943E7E}
	EndGlobalSection
EndGlobal
